Microsoft Visual Studio Solution File, Format Version 12.00
# Visual Studio Version 17
VisualStudioVersion = 17.5.2.0
MinimumVisualStudioVersion = 10.0.40219.1
Project("{FAE04EC0-301F-11D3-BF4B-00C04F79EFBC}") = "Actividad4", "Actividad4.csproj", "{67B725E9-AD47-A059-DB78-1B57CB42D43E}"
EndProject
Global
	GlobalSection(SolutionConfigurationPlatforms) = preSolution
		Debug|Any CPU = Debug|Any CPU
		Release|Any CPU = Release|Any CPU
	EndGlobalSection
	GlobalSection(ProjectConfigurationPlatforms) = postSolution
		{67B725E9-AD47-A059-DB78-1B57CB42D43E}.Debug|Any CPU.ActiveCfg = Debug|Any CPU
		{67B725E9-AD47-A059-DB78-1B57CB42D43E}.Debug|Any CPU.Build.0 = Debug|Any CPU
		{67B725E9-AD47-A059-DB78-1B57CB42D43E}.Release|Any CPU.ActiveCfg = Release|Any CPU
		{67B725E9-AD47-A059-DB78-1B57CB42D43E}.Release|Any CPU.Build.0 = Release|Any CPU
	EndGlobalSection
	GlobalSection(SolutionProperties) = preSolution
		HideSolutionNode = FALSE
	EndGlobalSection
	GlobalSection(ExtensibilityGlobals) = postSolution
		SolutionGuid = {55D67493-5D9E-4C30-A1B0-45D6F7B4F1A4}
	EndGlobalSection
EndGlobal
